# This file was autogenerated by uv via the following command:
#    uv pip compile --python 3.12 requirements.in -o requirements.lock
alabaster==1.0.0
    # via sphinx
allantools==2024.6
    # via -r requirements.in
anyio==4.15.1
    # via
    #   httpx
    #   jupyter-server
appnope==1.0.0
    # via ipykernel
argon2-cffi==25.1.0
    # via jupyter-server
argon2-cffi-bindings==26.1.0
    # via argon2-cffi
arrow==1.4.0
    # via isoduration
astropy==8.0.1
    # via
    #   -r requirements.in
    #   oem
astropy-iers-data==0.2026.9.28.0.59.37
    # via astropy
asttokens==3.0.2
    # via stack-data
async-lru==2.3.0
    # via jupyterlab
attrs==26.1.0
    # via
    #   jsonschema
    #   referencing
babel==2.18.0
    # via
    #   jupyterlab-server
    #   sphinx
beautifulsoup4==4.15.0
    # via nbconvert
bleach==6.4.0
    # via nbconvert
bokeh==3.8.2
    # via bsk
bsk==2.9.1
    # via -r requirements.in
certifi==2026.7.22
    # via
    #   httpcore
    #   httpx
    #   requests
    #   skyfield
cffi==2.1.1
    # via argon2-cffi-bindings
charset-normalizer==3.5.2
    # via requests
cloudpickle==3.1.2
    # via joblib
colorama==0.4.6
    # via bsk
comm==0.2.3
    # via
    #   ipykernel
    #   ipywidgets
contourpy==1.4.0
    # via
    #   bokeh
    #   matplotlib
cycler==0.12.1
    # via matplotlib
debugpy==1.8.22
    # via ipykernel
defusedxml==0.7.1
    # via
    #   nbconvert
    #   oem
    #   sigmf
deprecation==2.1.0
    # via spacepackets
docutils==0.22.4
    # via sphinx
et-xmlfile==2.0.0
    # via openpyxl
executing==2.2.1
    # via stack-data
fastcrc==0.3.6
    # via spacepackets
fastjsonschema==2.22.2
    # via nbformat
filterpy==1.4.5
    # via -r requirements.in
fonttools==4.66.1
    # via matplotlib
fqdn==1.6.0
    # via jsonschema
georinex==1.16.1
    # via
    #   -r requirements.in
    #   gnss-lib-py
gnss-lib-py==1.0.4
    # via -r requirements.in
h11==0.16.0
    # via httpcore
h5py==3.16.0
    # via -r requirements.in
hatanaka==2.8.1
    # via georinex
httpcore==1.0.9
    # via httpx
httpx==0.28.1
    # via jupyterlab
idna==3.20
    # via
    #   anyio
    #   httpx
    #   jsonschema
    #   requests
imagesize==2.0.1
    # via sphinx
importlib-resources==7.1.0
    # via hatanaka
iniconfig==2.3.0
    # via pytest
ipykernel==6.31.0
    # via
    #   gnss-lib-py
    #   jupyter
    #   jupyter-console
    #   jupyterlab
ipython==9.17.1
    # via
    #   ipykernel
    #   ipywidgets
    #   jupyter-console
ipython-pygments-lexers==1.1.1
    # via ipython
ipywidgets==8.1.9
    # via jupyter
isoduration==20.11.0
    # via jsonschema
jedi==0.20.0
    # via ipython
jinja2==3.1.6
    # via
    #   bokeh
    #   jupyter-server
    #   jupyterlab
    #   jupyterlab-server
    #   nbconvert
    #   sphinx
joblib==1.6.0
    # via scikit-learn
jplephem==2.24
    # via
    #   -r requirements.in
    #   skyfield
json5==0.15.0
    # via jupyterlab-server
jsonpointer==3.1.1
    # via jsonschema
jsonschema==4.26.0
    # via
    #   -r requirements.in
    #   jupyter-events
    #   jupyterlab-server
    #   nbformat
    #   sigmf
jsonschema-specifications==2025.9.1
    # via jsonschema
jupyter==1.1.1
    # via gnss-lib-py
jupyter-builder==1.2.3
    # via
    #   jupyterlab
    #   notebook
jupyter-client==8.10.0
    # via
    #   ipykernel
    #   jupyter-console
    #   jupyter-server
    #   nbclient
jupyter-console==6.6.3
    # via jupyter
jupyter-core==5.9.1
    # via
    #   ipykernel
    #   jupyter-builder
    #   jupyter-client
    #   jupyter-console
    #   jupyter-server
    #   jupyterlab
    #   nbclient
    #   nbconvert
    #   nbformat
jupyter-events==0.12.1
    # via jupyter-server
jupyter-lsp==2.3.1
    # via jupyterlab
jupyter-server==2.21.1
    # via
    #   jupyter-lsp
    #   jupyterlab
    #   jupyterlab-server
    #   notebook
    #   notebook-shim
jupyter-server-terminals==0.5.4
    # via jupyter-server
jupyterlab==4.6.4
    # via
    #   jupyter
    #   notebook
jupyterlab-pygments==0.3.0
    # via nbconvert
jupyterlab-server==2.28.1
    # via
    #   jupyterlab
    #   notebook
jupyterlab-widgets==3.0.17
    # via ipywidgets
kaleido==0.2.1
    # via gnss-lib-py
kiwisolver==1.5.1
    # via matplotlib
lamberthub==1.0.0
    # via -r requirements.in
lark==1.3.1
    # via rfc3987-syntax
llvmlite==0.50.0
    # via numba
lxml==6.1.3
    # via oem
markupsafe==3.0.3
    # via
    #   jinja2
    #   nbconvert
matplotlib==3.10.7
    # via
    #   allantools
    #   bsk
    #   filterpy
    #   gnss-lib-py
    #   pymcdm
matplotlib-inline==0.2.2
    # via
    #   ipykernel
    #   ipython
mistune==3.3.4
    # via nbconvert
mpmath==1.3.0
    # via -r requirements.in
narwhals==2.26.0
    # via
    #   bokeh
    #   scikit-learn
nbclient==0.11.0
    # via nbconvert
nbconvert==7.17.1
    # via
    #   jupyter
    #   jupyter-server
nbformat==5.11.1
    # via
    #   jupyter-server
    #   nbclient
    #   nbconvert
ncompress==1.0.2
    # via hatanaka
nest-asyncio==1.6.0
    # via ipykernel
notebook==7.6.3
    # via
    #   gnss-lib-py
    #   jupyter
notebook-shim==0.2.4
    # via
    #   jupyterlab
    #   notebook
numba==0.68.0
    # via lamberthub
numpy==2.3.5
    # via
    #   -r requirements.in
    #   allantools
    #   astropy
    #   bokeh
    #   bsk
    #   contourpy
    #   filterpy
    #   georinex
    #   gnss-lib-py
    #   h5py
    #   jplephem
    #   lamberthub
    #   matplotlib
    #   numba
    #   oem
    #   pandas
    #   ppigrf
    #   pyerfa
    #   pymcdm
    #   pymsis
    #   scikit-learn
    #   scipy
    #   sigmf
    #   skyfield
    #   spiceypy
    #   xarray
numpydoc==1.11.0
    # via allantools
oem==0.4.5
    # via -r requirements.in
openpyxl==3.1.5
    # via -r requirements.in
packaging==26.3
    # via
    #   astropy
    #   bokeh
    #   deprecation
    #   ipykernel
    #   jupyter-events
    #   jupyter-server
    #   jupyterlab
    #   jupyterlab-server
    #   matplotlib
    #   nbconvert
    #   plotly
    #   pooch
    #   pytest
    #   sphinx
    #   xarray
pandas==2.3.3
    # via
    #   -r requirements.in
    #   bokeh
    #   bsk
    #   gnss-lib-py
    #   ppigrf
    #   pymcdm
    #   xarray
pandocfilters==1.5.1
    # via nbconvert
parso==0.8.7
    # via jedi
pexpect==4.9.0
    # via ipython
pillow==12.3.0
    # via
    #   bokeh
    #   bsk
    #   matplotlib
platformdirs==4.12.2
    # via
    #   jupyter-core
    #   pooch
plotly==5.24.1
    # via gnss-lib-py
pluggy==1.6.0
    # via pytest
pooch==1.8.2
    # via bsk
ppigrf==2.1.0
    # via -r requirements.in
prometheus-client==0.26.0
    # via jupyter-server
prompt-toolkit==3.0.53
    # via
    #   ipython
    #   jupyter-console
protobuf==6.33.5
    # via bsk
psutil==7.2.2
    # via
    #   ipykernel
    #   ipython
ptyprocess==0.7.0
    # via
    #   pexpect
    #   terminado
pure-eval==0.2.4
    # via stack-data
pycparser==3.0
    # via cffi
pyerfa==2.0.1.5
    # via
    #   -r requirements.in
    #   astropy
pygments==2.21.0
    # via
    #   ipython
    #   ipython-pygments-lexers
    #   jupyter-console
    #   nbconvert
    #   pytest
    #   sphinx
pymcdm==1.4.0
    # via -r requirements.in
pymsis==0.12.0
    # via -r requirements.in
pynmea2==1.19.0
    # via gnss-lib-py
pyparsing==3.3.3
    # via matplotlib
pytest==9.1.1
    # via
    #   allantools
    #   gnss-lib-py
python-dateutil==2.9.0.post0
    # via
    #   arrow
    #   georinex
    #   jupyter-client
    #   matplotlib
    #   pandas
python-json-logger==4.2.0
    # via jupyter-events
pytz==2026.4
    # via pandas
pyyaml==6.0.3
    # via
    #   astropy
    #   bokeh
    #   jupyter-events
pyzmq==27.2.0
    # via
    #   ipykernel
    #   jupyter-client
    #   jupyter-console
    #   jupyter-server
referencing==0.37.0
    # via
    #   -r requirements.in
    #   jsonschema
    #   jsonschema-specifications
    #   jupyter-events
requests==2.33.0
    # via
    #   bsk
    #   gnss-lib-py
    #   jupyterlab-server
    #   pooch
    #   sphinx
rfc3339-validator==0.1.4
    # via
    #   jsonschema
    #   jupyter-events
rfc3986-validator==0.1.1
    # via
    #   jsonschema
    #   jupyter-events
rfc3987-syntax==1.1.0
    # via jsonschema
roman-numerals==4.1.0
    # via sphinx
rpds-py==2026.6.3
    # via
    #   jsonschema
    #   referencing
scikit-learn==1.9.1
    # via -r requirements.in
scipy==1.18.1
    # via
    #   -r requirements.in
    #   allantools
    #   filterpy
    #   gnss-lib-py
    #   lamberthub
    #   pymcdm
    #   scikit-learn
send2trash==2.1.0
    # via jupyter-server
sgp4==2.26
    # via
    #   -r requirements.in
    #   skyfield
sigmf==1.13.0
    # via -r requirements.in
six==1.17.0
    # via
    #   python-dateutil
    #   rfc3339-validator
skyfield==1.54
    # via -r requirements.in
snowballstemmer==3.1.1
    # via sphinx
soupsieve==2.10
    # via beautifulsoup4
spacepackets==0.32.0
    # via -r requirements.in
sphinx==9.1.0
    # via numpydoc
sphinxcontrib-applehelp==2.0.0
    # via sphinx
sphinxcontrib-devhelp==2.0.0
    # via sphinx
sphinxcontrib-htmlhelp==2.1.0
    # via sphinx
sphinxcontrib-jsmath==1.0.1
    # via sphinx
sphinxcontrib-qthelp==2.0.0
    # via sphinx
sphinxcontrib-serializinghtml==2.0.0
    # via sphinx
spiceypy==8.2.0
    # via -r requirements.in
stack-data==0.6.3
    # via ipython
tabulate==0.10.0
    # via pymcdm
tenacity==9.1.4
    # via plotly
terminado==0.18.1
    # via
    #   jupyter-server
    #   jupyter-server-terminals
threadpoolctl==3.7.0
    # via scikit-learn
tinycss2==1.5.1
    # via bleach
tornado==6.5.10
    # via
    #   bokeh
    #   ipykernel
    #   jupyter-client
    #   jupyter-server
    #   jupyterlab
    #   notebook
    #   terminado
tqdm==4.67.1
    # via bsk
traitlets==5.16.1
    # via
    #   ipykernel
    #   ipython
    #   ipywidgets
    #   jupyter-builder
    #   jupyter-client
    #   jupyter-console
    #   jupyter-core
    #   jupyter-events
    #   jupyter-server
    #   jupyterlab
    #   matplotlib-inline
    #   nbclient
    #   nbconvert
    #   nbformat
typing-extensions==4.16.0
    # via
    #   anyio
    #   beautifulsoup4
    #   jupyter-client
    #   referencing
tzdata==2026.4
    # via
    #   arrow
    #   pandas
unlzw3==0.2.3
    # via
    #   georinex
    #   gnss-lib-py
uri-template==1.3.0
    # via jsonschema
urllib3==2.8.0
    # via requests
wcwidth==0.9.1
    # via prompt-toolkit
webcolors==25.10.0
    # via jsonschema
webencodings==0.6.1
    # via
    #   bleach
    #   tinycss2
websocket-client==1.9.2
    # via jupyter-server
widgetsnbextension==4.0.16
    # via ipywidgets
xarray==2026.9.0
    # via georinex
xyzservices==2026.9.1
    # via bokeh
